
Microsoft Visual Studio Solution File, Format Version 12.00
# Visual Studio Version 17
VisualStudioVersion = 17.9.34728.123
MinimumVisualStudioVersion = 10.0.40219.1
Project("{FAE04EC0-301F-11D3-BF4B-00C04F79EFBC}") = "osl2z2", "osl2z2\osl2z2.csproj", "{036E24CA-E06C-4163-BE4A-870FC1982AC6}"
EndProject
Global
	GlobalSection(SolutionConfigurationPlatforms) = preSolution
		Debug|Any CPU = Debug|Any CPU
		Release|Any CPU = Release|Any CPU
	EndGlobalSection
	GlobalSection(ProjectConfigurationPlatforms) = postSolution
		{036E24CA-E06C-4163-BE4A-870FC1982AC6}.Debug|Any CPU.ActiveCfg = Debug|Any CPU
		{036E24CA-E06C-4163-BE4A-870FC1982AC6}.Debug|Any CPU.Build.0 = Debug|Any CPU
		{036E24CA-E06C-4163-BE4A-870FC1982AC6}.Release|Any CPU.ActiveCfg = Release|Any CPU
		{036E24CA-E06C-4163-BE4A-870FC1982AC6}.Release|Any CPU.Build.0 = Release|Any CPU
	EndGlobalSection
	GlobalSection(SolutionProperties) = preSolution
		HideSolutionNode = FALSE
	EndGlobalSection
	GlobalSection(ExtensibilityGlobals) = postSolution
		SolutionGuid = {F74C3076-A3D0-4FE3-AE26-B4D4BB6F2F9D}
	EndGlobalSection
EndGlobal
