
Microsoft Visual Studio Solution File, Format Version 12.00
# Visual Studio Version 17
VisualStudioVersion = 17.9.34728.123
MinimumVisualStudioVersion = 10.0.40219.1
Project("{FAE04EC0-301F-11D3-BF4B-00C04F79EFBC}") = "osl2z1", "osl2z1\osl2z1.csproj", "{A1CFC88F-959D-45DE-B108-852356E57616}"
EndProject
Global
	GlobalSection(SolutionConfigurationPlatforms) = preSolution
		Debug|Any CPU = Debug|Any CPU
		Release|Any CPU = Release|Any CPU
	EndGlobalSection
	GlobalSection(ProjectConfigurationPlatforms) = postSolution
		{A1CFC88F-959D-45DE-B108-852356E57616}.Debug|Any CPU.ActiveCfg = Debug|Any CPU
		{A1CFC88F-959D-45DE-B108-852356E57616}.Debug|Any CPU.Build.0 = Debug|Any CPU
		{A1CFC88F-959D-45DE-B108-852356E57616}.Release|Any CPU.ActiveCfg = Release|Any CPU
		{A1CFC88F-959D-45DE-B108-852356E57616}.Release|Any CPU.Build.0 = Release|Any CPU
	EndGlobalSection
	GlobalSection(SolutionProperties) = preSolution
		HideSolutionNode = FALSE
	EndGlobalSection
	GlobalSection(ExtensibilityGlobals) = postSolution
		SolutionGuid = {F3A6D918-9B11-41A0-B669-AD03D720B41D}
	EndGlobalSection
EndGlobal
